
Microsoft Visual Studio Solution File, Format Version 12.00
# Visual Studio Version 17
VisualStudioVersion = 17.11.35327.3
MinimumVisualStudioVersion = 10.0.40219.1
Project("{FAE04EC0-301F-11D3-BF4B-00C04F79EFBC}") = "API", "API\API.csproj", "{B48EF0F8-1BE3-4E1F-BDB5-560028640B09}"
EndProject
Project("{FAE04EC0-301F-11D3-BF4B-00C04F79EFBC}") = "Data", "Data\Data.csproj", "{BB646D0E-7CC8-44C8-859C-244DB6CAADA2}"
EndProject
Project("{FAE04EC0-301F-11D3-BF4B-00C04F79EFBC}") = "Models", "Models\Models.csproj", "{57587551-0C4A-4E59-BF95-2AD067955D54}"
EndProject
Global
	GlobalSection(SolutionConfigurationPlatforms) = preSolution
		Debug|Any CPU = Debug|Any CPU
		Release|Any CPU = Release|Any CPU
	EndGlobalSection
	GlobalSection(ProjectConfigurationPlatforms) = postSolution
		{B48EF0F8-1BE3-4E1F-BDB5-560028640B09}.Debug|Any CPU.ActiveCfg = Debug|Any CPU
		{B48EF0F8-1BE3-4E1F-BDB5-560028640B09}.Debug|Any CPU.Build.0 = Debug|Any CPU
		{B48EF0F8-1BE3-4E1F-BDB5-560028640B09}.Release|Any CPU.ActiveCfg = Release|Any CPU
		{B48EF0F8-1BE3-4E1F-BDB5-560028640B09}.Release|Any CPU.Build.0 = Release|Any CPU
		{BB646D0E-7CC8-44C8-859C-244DB6CAADA2}.Debug|Any CPU.ActiveCfg = Debug|Any CPU
		{BB646D0E-7CC8-44C8-859C-244DB6CAADA2}.Debug|Any CPU.Build.0 = Debug|Any CPU
		{BB646D0E-7CC8-44C8-859C-244DB6CAADA2}.Release|Any CPU.ActiveCfg = Release|Any CPU
		{BB646D0E-7CC8-44C8-859C-244DB6CAADA2}.Release|Any CPU.Build.0 = Release|Any CPU
		{57587551-0C4A-4E59-BF95-2AD067955D54}.Debug|Any CPU.ActiveCfg = Debug|Any CPU
		{57587551-0C4A-4E59-BF95-2AD067955D54}.Debug|Any CPU.Build.0 = Debug|Any CPU
		{57587551-0C4A-4E59-BF95-2AD067955D54}.Release|Any CPU.ActiveCfg = Release|Any CPU
		{57587551-0C4A-4E59-BF95-2AD067955D54}.Release|Any CPU.Build.0 = Release|Any CPU
	EndGlobalSection
	GlobalSection(SolutionProperties) = preSolution
		HideSolutionNode = FALSE
	EndGlobalSection
	GlobalSection(ExtensibilityGlobals) = postSolution
		SolutionGuid = {9604F9AE-72B6-4EA3-8E05-0B5AD7B6408F}
	EndGlobalSection
EndGlobal
